
Microsoft Visual Studio Solution File, Format Version 12.00
# Visual Studio 15
VisualStudioVersion = 15.0.26730.16
MinimumVisualStudioVersion = 10.0.40219.1
Project("{8BC9CEB8-8B4A-11D0-8D11-00A0C91BC942}") = "Injectee", "Injectee\Injectee.vcxproj", "{F97992D2-EA0A-443E-A872-CEDFB3A9026F}"
EndProject
Project("{FAE04EC0-301F-11D3-BF4B-00C04F79EFBC}") = "Translator", "Translator\Translator.csproj", "{E495C7D2-1CDA-4B84-9DBB-A92C562CD87C}"
	ProjectSection(ProjectDependencies) = postProject
		{F97992D2-EA0A-443E-A872-CEDFB3A9026F} = {F97992D2-EA0A-443E-A872-CEDFB3A9026F}
	EndProjectSection
EndProject
Global
	GlobalSection(SolutionConfigurationPlatforms) = preSolution
		Debug|Any CPU = Debug|Any CPU
		Debug|x64 = Debug|x64
		Release|Any CPU = Release|Any CPU
		Release|x64 = Release|x64
	EndGlobalSection
	GlobalSection(ProjectConfigurationPlatforms) = postSolution
		{F97992D2-EA0A-443E-A872-CEDFB3A9026F}.Debug|Any CPU.ActiveCfg = Debug|Win32
		{F97992D2-EA0A-443E-A872-CEDFB3A9026F}.Debug|x64.ActiveCfg = Debug|x64
		{F97992D2-EA0A-443E-A872-CEDFB3A9026F}.Debug|x64.Build.0 = Debug|x64
		{F97992D2-EA0A-443E-A872-CEDFB3A9026F}.Release|Any CPU.ActiveCfg = Release|Win32
		{F97992D2-EA0A-443E-A872-CEDFB3A9026F}.Release|x64.ActiveCfg = Release|x64
		{F97992D2-EA0A-443E-A872-CEDFB3A9026F}.Release|x64.Build.0 = Release|x64
		{E495C7D2-1CDA-4B84-9DBB-A92C562CD87C}.Debug|Any CPU.ActiveCfg = Debug|Any CPU
		{E495C7D2-1CDA-4B84-9DBB-A92C562CD87C}.Debug|Any CPU.Build.0 = Debug|Any CPU
		{E495C7D2-1CDA-4B84-9DBB-A92C562CD87C}.Debug|x64.ActiveCfg = Debug|Any CPU
		{E495C7D2-1CDA-4B84-9DBB-A92C562CD87C}.Debug|x64.Build.0 = Debug|Any CPU
		{E495C7D2-1CDA-4B84-9DBB-A92C562CD87C}.Release|Any CPU.ActiveCfg = Release|Any CPU
		{E495C7D2-1CDA-4B84-9DBB-A92C562CD87C}.Release|Any CPU.Build.0 = Release|Any CPU
		{E495C7D2-1CDA-4B84-9DBB-A92C562CD87C}.Release|x64.ActiveCfg = Release|Any CPU
		{E495C7D2-1CDA-4B84-9DBB-A92C562CD87C}.Release|x64.Build.0 = Release|Any CPU
	EndGlobalSection
	GlobalSection(SolutionProperties) = preSolution
		HideSolutionNode = FALSE
	EndGlobalSection
	GlobalSection(ExtensibilityGlobals) = postSolution
		SolutionGuid = {C12B5EBC-EF22-47D1-8A97-615DB4398CBB}
	EndGlobalSection
EndGlobal
